
Microsoft Visual Studio Solution File, Format Version 12.00
# Visual Studio Version 16
VisualStudioVersion = 16.0.31402.337
MinimumVisualStudioVersion = 10.0.40219.1
Project("{FAE04EC0-301F-11D3-BF4B-00C04F79EFBC}") = "Prueba_Delegados", "Prueba_Delegados\Prueba_Delegados.csproj", "{CBB8C7D0-E177-421C-AFBC-DE4E8D5A4F7D}"
EndProject
Global
	GlobalSection(SolutionConfigurationPlatforms) = preSolution
		Debug|Any CPU = Debug|Any CPU
		Release|Any CPU = Release|Any CPU
	EndGlobalSection
	GlobalSection(ProjectConfigurationPlatforms) = postSolution
		{CBB8C7D0-E177-421C-AFBC-DE4E8D5A4F7D}.Debug|Any CPU.ActiveCfg = Debug|Any CPU
		{CBB8C7D0-E177-421C-AFBC-DE4E8D5A4F7D}.Debug|Any CPU.Build.0 = Debug|Any CPU
		{CBB8C7D0-E177-421C-AFBC-DE4E8D5A4F7D}.Release|Any CPU.ActiveCfg = Release|Any CPU
		{CBB8C7D0-E177-421C-AFBC-DE4E8D5A4F7D}.Release|Any CPU.Build.0 = Release|Any CPU
	EndGlobalSection
	GlobalSection(SolutionProperties) = preSolution
		HideSolutionNode = FALSE
	EndGlobalSection
	GlobalSection(ExtensibilityGlobals) = postSolution
		SolutionGuid = {50AC5B3A-E4A9-409F-95D5-61C0AA2482FF}
	EndGlobalSection
EndGlobal
