
Microsoft Visual Studio Solution File, Format Version 12.00
# Visual Studio Version 16
VisualStudioVersion = 16.0.31402.337
MinimumVisualStudioVersion = 10.0.40219.1
Project("{FAE04EC0-301F-11D3-BF4B-00C04F79EFBC}") = "Ejercicio_05_Clase_02", "Ejercicio_05_Clase_02.csproj", "{2325581E-47A3-48A6-BCB9-DD5D21DA1F40}"
EndProject
Global
	GlobalSection(SolutionConfigurationPlatforms) = preSolution
		Debug|Any CPU = Debug|Any CPU
		Release|Any CPU = Release|Any CPU
	EndGlobalSection
	GlobalSection(ProjectConfigurationPlatforms) = postSolution
		{2325581E-47A3-48A6-BCB9-DD5D21DA1F40}.Debug|Any CPU.ActiveCfg = Debug|Any CPU
		{2325581E-47A3-48A6-BCB9-DD5D21DA1F40}.Debug|Any CPU.Build.0 = Debug|Any CPU
		{2325581E-47A3-48A6-BCB9-DD5D21DA1F40}.Release|Any CPU.ActiveCfg = Release|Any CPU
		{2325581E-47A3-48A6-BCB9-DD5D21DA1F40}.Release|Any CPU.Build.0 = Release|Any CPU
	EndGlobalSection
	GlobalSection(SolutionProperties) = preSolution
		HideSolutionNode = FALSE
	EndGlobalSection
	GlobalSection(ExtensibilityGlobals) = postSolution
		SolutionGuid = {83846F3E-D748-40C0-81C0-87D120C06216}
	EndGlobalSection
EndGlobal
