
Microsoft Visual Studio Solution File, Format Version 12.00
# Visual Studio Version 16
VisualStudioVersion = 16.0.31402.337
MinimumVisualStudioVersion = 10.0.40219.1
Project("{FAE04EC0-301F-11D3-BF4B-00C04F79EFBC}") = "Cartuchera.Vista", "Cartuchera.Vista\Cartuchera.Vista.csproj", "{BE84F4E8-028E-496B-B5EB-0EAE55342F9E}"
EndProject
Project("{FAE04EC0-301F-11D3-BF4B-00C04F79EFBC}") = "Biblioteca", "Biblioteca\Biblioteca.csproj", "{3D304BF4-2D9A-4334-94D1-507FC74E7111}"
EndProject
Global
	GlobalSection(SolutionConfigurationPlatforms) = preSolution
		Debug|Any CPU = Debug|Any CPU
		Release|Any CPU = Release|Any CPU
	EndGlobalSection
	GlobalSection(ProjectConfigurationPlatforms) = postSolution
		{BE84F4E8-028E-496B-B5EB-0EAE55342F9E}.Debug|Any CPU.ActiveCfg = Debug|Any CPU
		{BE84F4E8-028E-496B-B5EB-0EAE55342F9E}.Debug|Any CPU.Build.0 = Debug|Any CPU
		{BE84F4E8-028E-496B-B5EB-0EAE55342F9E}.Release|Any CPU.ActiveCfg = Release|Any CPU
		{BE84F4E8-028E-496B-B5EB-0EAE55342F9E}.Release|Any CPU.Build.0 = Release|Any CPU
		{3D304BF4-2D9A-4334-94D1-507FC74E7111}.Debug|Any CPU.ActiveCfg = Debug|Any CPU
		{3D304BF4-2D9A-4334-94D1-507FC74E7111}.Debug|Any CPU.Build.0 = Debug|Any CPU
		{3D304BF4-2D9A-4334-94D1-507FC74E7111}.Release|Any CPU.ActiveCfg = Release|Any CPU
		{3D304BF4-2D9A-4334-94D1-507FC74E7111}.Release|Any CPU.Build.0 = Release|Any CPU
	EndGlobalSection
	GlobalSection(SolutionProperties) = preSolution
		HideSolutionNode = FALSE
	EndGlobalSection
	GlobalSection(ExtensibilityGlobals) = postSolution
		SolutionGuid = {23377E32-9658-4E75-847D-F795D57CBC8C}
	EndGlobalSection
EndGlobal
