
Microsoft Visual Studio Solution File, Format Version 12.00
# Visual Studio Version 16
VisualStudioVersion = 16.0.31402.337
MinimumVisualStudioVersion = 10.0.40219.1
Project("{FAE04EC0-301F-11D3-BF4B-00C04F79EFBC}") = "Cotizador.Consola", "Cotizador.Consola\Cotizador.Consola.csproj", "{DE617EED-2D02-4E1D-B235-B5F252AF7531}"
EndProject
Project("{FAE04EC0-301F-11D3-BF4B-00C04F79EFBC}") = "Billetes", "Billetes\Billetes.csproj", "{09B3617C-CDB7-4703-9288-192DCD1DD7FF}"
EndProject
Global
	GlobalSection(SolutionConfigurationPlatforms) = preSolution
		Debug|Any CPU = Debug|Any CPU
		Release|Any CPU = Release|Any CPU
	EndGlobalSection
	GlobalSection(ProjectConfigurationPlatforms) = postSolution
		{DE617EED-2D02-4E1D-B235-B5F252AF7531}.Debug|Any CPU.ActiveCfg = Debug|Any CPU
		{DE617EED-2D02-4E1D-B235-B5F252AF7531}.Debug|Any CPU.Build.0 = Debug|Any CPU
		{DE617EED-2D02-4E1D-B235-B5F252AF7531}.Release|Any CPU.ActiveCfg = Release|Any CPU
		{DE617EED-2D02-4E1D-B235-B5F252AF7531}.Release|Any CPU.Build.0 = Release|Any CPU
		{09B3617C-CDB7-4703-9288-192DCD1DD7FF}.Debug|Any CPU.ActiveCfg = Debug|Any CPU
		{09B3617C-CDB7-4703-9288-192DCD1DD7FF}.Debug|Any CPU.Build.0 = Debug|Any CPU
		{09B3617C-CDB7-4703-9288-192DCD1DD7FF}.Release|Any CPU.ActiveCfg = Release|Any CPU
		{09B3617C-CDB7-4703-9288-192DCD1DD7FF}.Release|Any CPU.Build.0 = Release|Any CPU
	EndGlobalSection
	GlobalSection(SolutionProperties) = preSolution
		HideSolutionNode = FALSE
	EndGlobalSection
	GlobalSection(ExtensibilityGlobals) = postSolution
		SolutionGuid = {262E9F5D-645C-4D45-8C96-7ADC7DF8561F}
	EndGlobalSection
EndGlobal
