
Microsoft Visual Studio Solution File, Format Version 12.00
# Visual Studio Version 16
VisualStudioVersion = 16.0.31402.337
MinimumVisualStudioVersion = 10.0.40219.1
Project("{FAE04EC0-301F-11D3-BF4B-00C04F79EFBC}") = "Ejercicio02", "Ejercicio02\Ejercicio02.csproj", "{10050FAE-9FE3-4A7D-8E91-DD340EC500BF}"
EndProject
Project("{FAE04EC0-301F-11D3-BF4B-00C04F79EFBC}") = "Biblioteca", "Biblioteca\Biblioteca.csproj", "{8E585FE0-44CD-4436-A303-0AA6F0FA9A9E}"
EndProject
Global
	GlobalSection(SolutionConfigurationPlatforms) = preSolution
		Debug|Any CPU = Debug|Any CPU
		Release|Any CPU = Release|Any CPU
	EndGlobalSection
	GlobalSection(ProjectConfigurationPlatforms) = postSolution
		{10050FAE-9FE3-4A7D-8E91-DD340EC500BF}.Debug|Any CPU.ActiveCfg = Debug|Any CPU
		{10050FAE-9FE3-4A7D-8E91-DD340EC500BF}.Debug|Any CPU.Build.0 = Debug|Any CPU
		{10050FAE-9FE3-4A7D-8E91-DD340EC500BF}.Release|Any CPU.ActiveCfg = Release|Any CPU
		{10050FAE-9FE3-4A7D-8E91-DD340EC500BF}.Release|Any CPU.Build.0 = Release|Any CPU
		{8E585FE0-44CD-4436-A303-0AA6F0FA9A9E}.Debug|Any CPU.ActiveCfg = Debug|Any CPU
		{8E585FE0-44CD-4436-A303-0AA6F0FA9A9E}.Debug|Any CPU.Build.0 = Debug|Any CPU
		{8E585FE0-44CD-4436-A303-0AA6F0FA9A9E}.Release|Any CPU.ActiveCfg = Release|Any CPU
		{8E585FE0-44CD-4436-A303-0AA6F0FA9A9E}.Release|Any CPU.Build.0 = Release|Any CPU
	EndGlobalSection
	GlobalSection(SolutionProperties) = preSolution
		HideSolutionNode = FALSE
	EndGlobalSection
	GlobalSection(ExtensibilityGlobals) = postSolution
		SolutionGuid = {A49C9B9B-AF26-4E26-9B16-63A697A4C209}
	EndGlobalSection
EndGlobal
