
Microsoft Visual Studio Solution File, Format Version 12.00
# Visual Studio Version 16
VisualStudioVersion = 16.0.31402.337
MinimumVisualStudioVersion = 10.0.40219.1
Project("{FAE04EC0-301F-11D3-BF4B-00C04F79EFBC}") = "Biblioteca", "Biblioteca\Biblioteca.csproj", "{AEC4304E-E032-4F4D-9FD0-507C42BB18CD}"
EndProject
Project("{FAE04EC0-301F-11D3-BF4B-00C04F79EFBC}") = "Consola", "Consola\Consola.csproj", "{805DE95B-FBC7-485F-A3FC-68B768E5E389}"
EndProject
Global
	GlobalSection(SolutionConfigurationPlatforms) = preSolution
		Debug|Any CPU = Debug|Any CPU
		Release|Any CPU = Release|Any CPU
	EndGlobalSection
	GlobalSection(ProjectConfigurationPlatforms) = postSolution
		{AEC4304E-E032-4F4D-9FD0-507C42BB18CD}.Debug|Any CPU.ActiveCfg = Debug|Any CPU
		{AEC4304E-E032-4F4D-9FD0-507C42BB18CD}.Debug|Any CPU.Build.0 = Debug|Any CPU
		{AEC4304E-E032-4F4D-9FD0-507C42BB18CD}.Release|Any CPU.ActiveCfg = Release|Any CPU
		{AEC4304E-E032-4F4D-9FD0-507C42BB18CD}.Release|Any CPU.Build.0 = Release|Any CPU
		{805DE95B-FBC7-485F-A3FC-68B768E5E389}.Debug|Any CPU.ActiveCfg = Debug|Any CPU
		{805DE95B-FBC7-485F-A3FC-68B768E5E389}.Debug|Any CPU.Build.0 = Debug|Any CPU
		{805DE95B-FBC7-485F-A3FC-68B768E5E389}.Release|Any CPU.ActiveCfg = Release|Any CPU
		{805DE95B-FBC7-485F-A3FC-68B768E5E389}.Release|Any CPU.Build.0 = Release|Any CPU
	EndGlobalSection
	GlobalSection(SolutionProperties) = preSolution
		HideSolutionNode = FALSE
	EndGlobalSection
	GlobalSection(ExtensibilityGlobals) = postSolution
		SolutionGuid = {F6C2F6A7-2AE0-40C5-83F7-88482A6318AD}
	EndGlobalSection
EndGlobal
