
Microsoft Visual Studio Solution File, Format Version 12.00
# Visual Studio Version 16
VisualStudioVersion = 16.0.31402.337
MinimumVisualStudioVersion = 10.0.40219.1
Project("{FAE04EC0-301F-11D3-BF4B-00C04F79EFBC}") = "frmRegistro", "frmRegistro\frmRegistro.csproj", "{771B178D-9FDB-4975-9B27-29CBCA203003}"
EndProject
Project("{FAE04EC0-301F-11D3-BF4B-00C04F79EFBC}") = "Biblioteca", "Biblioteca\Biblioteca.csproj", "{A006B6D4-ED6C-473D-9059-9DDBE4EDBE97}"
EndProject
Global
	GlobalSection(SolutionConfigurationPlatforms) = preSolution
		Debug|Any CPU = Debug|Any CPU
		Release|Any CPU = Release|Any CPU
	EndGlobalSection
	GlobalSection(ProjectConfigurationPlatforms) = postSolution
		{771B178D-9FDB-4975-9B27-29CBCA203003}.Debug|Any CPU.ActiveCfg = Debug|Any CPU
		{771B178D-9FDB-4975-9B27-29CBCA203003}.Debug|Any CPU.Build.0 = Debug|Any CPU
		{771B178D-9FDB-4975-9B27-29CBCA203003}.Release|Any CPU.ActiveCfg = Release|Any CPU
		{771B178D-9FDB-4975-9B27-29CBCA203003}.Release|Any CPU.Build.0 = Release|Any CPU
		{A006B6D4-ED6C-473D-9059-9DDBE4EDBE97}.Debug|Any CPU.ActiveCfg = Debug|Any CPU
		{A006B6D4-ED6C-473D-9059-9DDBE4EDBE97}.Debug|Any CPU.Build.0 = Debug|Any CPU
		{A006B6D4-ED6C-473D-9059-9DDBE4EDBE97}.Release|Any CPU.ActiveCfg = Release|Any CPU
		{A006B6D4-ED6C-473D-9059-9DDBE4EDBE97}.Release|Any CPU.Build.0 = Release|Any CPU
	EndGlobalSection
	GlobalSection(SolutionProperties) = preSolution
		HideSolutionNode = FALSE
	EndGlobalSection
	GlobalSection(ExtensibilityGlobals) = postSolution
		SolutionGuid = {466F5116-889E-431C-A406-0BB7DE154B26}
	EndGlobalSection
EndGlobal
