
Microsoft Visual Studio Solution File, Format Version 12.00
# Visual Studio Version 16
VisualStudioVersion = 16.0.31402.337
MinimumVisualStudioVersion = 10.0.40219.1
Project("{FAE04EC0-301F-11D3-BF4B-00C04F79EFBC}") = "Vista", "Vista\Vista.csproj", "{41C665EE-19C7-4944-85A2-D009888FE953}"
EndProject
Project("{FAE04EC0-301F-11D3-BF4B-00C04F79EFBC}") = "Biblioteca", "Biblioteca\Biblioteca.csproj", "{487A5D9C-D3FF-40E9-BD06-84443895281A}"
EndProject
Global
	GlobalSection(SolutionConfigurationPlatforms) = preSolution
		Debug|Any CPU = Debug|Any CPU
		Release|Any CPU = Release|Any CPU
	EndGlobalSection
	GlobalSection(ProjectConfigurationPlatforms) = postSolution
		{41C665EE-19C7-4944-85A2-D009888FE953}.Debug|Any CPU.ActiveCfg = Debug|Any CPU
		{41C665EE-19C7-4944-85A2-D009888FE953}.Debug|Any CPU.Build.0 = Debug|Any CPU
		{41C665EE-19C7-4944-85A2-D009888FE953}.Release|Any CPU.ActiveCfg = Release|Any CPU
		{41C665EE-19C7-4944-85A2-D009888FE953}.Release|Any CPU.Build.0 = Release|Any CPU
		{487A5D9C-D3FF-40E9-BD06-84443895281A}.Debug|Any CPU.ActiveCfg = Debug|Any CPU
		{487A5D9C-D3FF-40E9-BD06-84443895281A}.Debug|Any CPU.Build.0 = Debug|Any CPU
		{487A5D9C-D3FF-40E9-BD06-84443895281A}.Release|Any CPU.ActiveCfg = Release|Any CPU
		{487A5D9C-D3FF-40E9-BD06-84443895281A}.Release|Any CPU.Build.0 = Release|Any CPU
	EndGlobalSection
	GlobalSection(SolutionProperties) = preSolution
		HideSolutionNode = FALSE
	EndGlobalSection
	GlobalSection(ExtensibilityGlobals) = postSolution
		SolutionGuid = {0D3DFCEE-CD78-41B1-9030-172C4FD8B5CB}
	EndGlobalSection
EndGlobal
