
Microsoft Visual Studio Solution File, Format Version 12.00
# Visual Studio Version 16
VisualStudioVersion = 16.0.31402.337
MinimumVisualStudioVersion = 10.0.40219.1
Project("{FAE04EC0-301F-11D3-BF4B-00C04F79EFBC}") = "Practica_Serializacion", "Practica_Serializacion\Practica_Serializacion.csproj", "{633A0043-F60E-42F7-9545-856DE4812200}"
EndProject
Project("{FAE04EC0-301F-11D3-BF4B-00C04F79EFBC}") = "Biblioteca", "Biblioteca\Biblioteca.csproj", "{A63D45E2-6324-41F1-9988-03754602CBED}"
EndProject
Global
	GlobalSection(SolutionConfigurationPlatforms) = preSolution
		Debug|Any CPU = Debug|Any CPU
		Release|Any CPU = Release|Any CPU
	EndGlobalSection
	GlobalSection(ProjectConfigurationPlatforms) = postSolution
		{633A0043-F60E-42F7-9545-856DE4812200}.Debug|Any CPU.ActiveCfg = Debug|Any CPU
		{633A0043-F60E-42F7-9545-856DE4812200}.Debug|Any CPU.Build.0 = Debug|Any CPU
		{633A0043-F60E-42F7-9545-856DE4812200}.Release|Any CPU.ActiveCfg = Release|Any CPU
		{633A0043-F60E-42F7-9545-856DE4812200}.Release|Any CPU.Build.0 = Release|Any CPU
		{A63D45E2-6324-41F1-9988-03754602CBED}.Debug|Any CPU.ActiveCfg = Debug|Any CPU
		{A63D45E2-6324-41F1-9988-03754602CBED}.Debug|Any CPU.Build.0 = Debug|Any CPU
		{A63D45E2-6324-41F1-9988-03754602CBED}.Release|Any CPU.ActiveCfg = Release|Any CPU
		{A63D45E2-6324-41F1-9988-03754602CBED}.Release|Any CPU.Build.0 = Release|Any CPU
	EndGlobalSection
	GlobalSection(SolutionProperties) = preSolution
		HideSolutionNode = FALSE
	EndGlobalSection
	GlobalSection(ExtensibilityGlobals) = postSolution
		SolutionGuid = {CCAB2C9D-716E-4150-A86F-4D0B8BAE017B}
	EndGlobalSection
EndGlobal
