
Microsoft Visual Studio Solution File, Format Version 12.00
# Visual Studio Version 16
VisualStudioVersion = 16.0.31402.337
MinimumVisualStudioVersion = 10.0.40219.1
Project("{FAE04EC0-301F-11D3-BF4B-00C04F79EFBC}") = "FizzBuzz", "FizzBuzz\FizzBuzz.csproj", "{58239471-5A93-4688-8021-A1F9DFEC28C6}"
EndProject
Project("{FAE04EC0-301F-11D3-BF4B-00C04F79EFBC}") = "Biblioteca", "Biblioteca\Biblioteca.csproj", "{27C91EED-1243-4209-80FD-30F8641903A4}"
EndProject
Project("{FAE04EC0-301F-11D3-BF4B-00C04F79EFBC}") = "Test", "Test\Test.csproj", "{49F1F7FA-8808-4B12-AFCD-7CC8F5D309F9}"
EndProject
Global
	GlobalSection(SolutionConfigurationPlatforms) = preSolution
		Debug|Any CPU = Debug|Any CPU
		Release|Any CPU = Release|Any CPU
	EndGlobalSection
	GlobalSection(ProjectConfigurationPlatforms) = postSolution
		{58239471-5A93-4688-8021-A1F9DFEC28C6}.Debug|Any CPU.ActiveCfg = Debug|Any CPU
		{58239471-5A93-4688-8021-A1F9DFEC28C6}.Debug|Any CPU.Build.0 = Debug|Any CPU
		{58239471-5A93-4688-8021-A1F9DFEC28C6}.Release|Any CPU.ActiveCfg = Release|Any CPU
		{58239471-5A93-4688-8021-A1F9DFEC28C6}.Release|Any CPU.Build.0 = Release|Any CPU
		{27C91EED-1243-4209-80FD-30F8641903A4}.Debug|Any CPU.ActiveCfg = Debug|Any CPU
		{27C91EED-1243-4209-80FD-30F8641903A4}.Debug|Any CPU.Build.0 = Debug|Any CPU
		{27C91EED-1243-4209-80FD-30F8641903A4}.Release|Any CPU.ActiveCfg = Release|Any CPU
		{27C91EED-1243-4209-80FD-30F8641903A4}.Release|Any CPU.Build.0 = Release|Any CPU
		{49F1F7FA-8808-4B12-AFCD-7CC8F5D309F9}.Debug|Any CPU.ActiveCfg = Debug|Any CPU
		{49F1F7FA-8808-4B12-AFCD-7CC8F5D309F9}.Debug|Any CPU.Build.0 = Debug|Any CPU
		{49F1F7FA-8808-4B12-AFCD-7CC8F5D309F9}.Release|Any CPU.ActiveCfg = Release|Any CPU
		{49F1F7FA-8808-4B12-AFCD-7CC8F5D309F9}.Release|Any CPU.Build.0 = Release|Any CPU
	EndGlobalSection
	GlobalSection(SolutionProperties) = preSolution
		HideSolutionNode = FALSE
	EndGlobalSection
	GlobalSection(ExtensibilityGlobals) = postSolution
		SolutionGuid = {79BB9603-8501-4143-BEEB-091E3398EDA4}
	EndGlobalSection
EndGlobal
