
Microsoft Visual Studio Solution File, Format Version 12.00
# Visual Studio Version 16
VisualStudioVersion = 16.0.31402.337
MinimumVisualStudioVersion = 10.0.40219.1
Project("{FAE04EC0-301F-11D3-BF4B-00C04F79EFBC}") = "Prueba_Sql", "Prueba_Sql\Prueba_Sql.csproj", "{689F6CED-6FE6-4400-8AD7-4706EB08C0E2}"
EndProject
Project("{FAE04EC0-301F-11D3-BF4B-00C04F79EFBC}") = "Entidades", "Entidades\Entidades.csproj", "{6D1EF7A2-FB63-42DB-A08E-102D4D74252A}"
EndProject
Project("{FAE04EC0-301F-11D3-BF4B-00C04F79EFBC}") = "Conexion.Vista", "Conexion.Vista\Conexion.Vista.csproj", "{18E78A15-6F65-4C9E-8DCD-78A8AD74B5E5}"
EndProject
Global
	GlobalSection(SolutionConfigurationPlatforms) = preSolution
		Debug|Any CPU = Debug|Any CPU
		Release|Any CPU = Release|Any CPU
	EndGlobalSection
	GlobalSection(ProjectConfigurationPlatforms) = postSolution
		{689F6CED-6FE6-4400-8AD7-4706EB08C0E2}.Debug|Any CPU.ActiveCfg = Debug|Any CPU
		{689F6CED-6FE6-4400-8AD7-4706EB08C0E2}.Debug|Any CPU.Build.0 = Debug|Any CPU
		{689F6CED-6FE6-4400-8AD7-4706EB08C0E2}.Release|Any CPU.ActiveCfg = Release|Any CPU
		{689F6CED-6FE6-4400-8AD7-4706EB08C0E2}.Release|Any CPU.Build.0 = Release|Any CPU
		{6D1EF7A2-FB63-42DB-A08E-102D4D74252A}.Debug|Any CPU.ActiveCfg = Debug|Any CPU
		{6D1EF7A2-FB63-42DB-A08E-102D4D74252A}.Debug|Any CPU.Build.0 = Debug|Any CPU
		{6D1EF7A2-FB63-42DB-A08E-102D4D74252A}.Release|Any CPU.ActiveCfg = Release|Any CPU
		{6D1EF7A2-FB63-42DB-A08E-102D4D74252A}.Release|Any CPU.Build.0 = Release|Any CPU
		{18E78A15-6F65-4C9E-8DCD-78A8AD74B5E5}.Debug|Any CPU.ActiveCfg = Debug|Any CPU
		{18E78A15-6F65-4C9E-8DCD-78A8AD74B5E5}.Debug|Any CPU.Build.0 = Debug|Any CPU
		{18E78A15-6F65-4C9E-8DCD-78A8AD74B5E5}.Release|Any CPU.ActiveCfg = Release|Any CPU
		{18E78A15-6F65-4C9E-8DCD-78A8AD74B5E5}.Release|Any CPU.Build.0 = Release|Any CPU
	EndGlobalSection
	GlobalSection(SolutionProperties) = preSolution
		HideSolutionNode = FALSE
	EndGlobalSection
	GlobalSection(ExtensibilityGlobals) = postSolution
		SolutionGuid = {4868B9A7-14FB-421F-911F-83F7AD3ED548}
	EndGlobalSection
EndGlobal
