
Microsoft Visual Studio Solution File, Format Version 12.00
# Visual Studio Version 16
VisualStudioVersion = 16.0.31402.337
MinimumVisualStudioVersion = 10.0.40219.1
Project("{FAE04EC0-301F-11D3-BF4B-00C04F79EFBC}") = "Test_Driven_Development", "Test_Driven_Development\Test_Driven_Development.csproj", "{4F2073C8-A1EE-492C-B8EF-B7A85D7D57A5}"
EndProject
Project("{FAE04EC0-301F-11D3-BF4B-00C04F79EFBC}") = "Biblioteca", "Biblioteca\Biblioteca.csproj", "{A8E50562-A3E7-498E-BF5D-F0F57F8F2CEF}"
EndProject
Project("{FAE04EC0-301F-11D3-BF4B-00C04F79EFBC}") = "TestCalculadora", "TestCalculadora\TestCalculadora.csproj", "{F009770D-7616-4DC7-A620-4A31EBD8FEB4}"
EndProject
Global
	GlobalSection(SolutionConfigurationPlatforms) = preSolution
		Debug|Any CPU = Debug|Any CPU
		Release|Any CPU = Release|Any CPU
	EndGlobalSection
	GlobalSection(ProjectConfigurationPlatforms) = postSolution
		{4F2073C8-A1EE-492C-B8EF-B7A85D7D57A5}.Debug|Any CPU.ActiveCfg = Debug|Any CPU
		{4F2073C8-A1EE-492C-B8EF-B7A85D7D57A5}.Debug|Any CPU.Build.0 = Debug|Any CPU
		{4F2073C8-A1EE-492C-B8EF-B7A85D7D57A5}.Release|Any CPU.ActiveCfg = Release|Any CPU
		{4F2073C8-A1EE-492C-B8EF-B7A85D7D57A5}.Release|Any CPU.Build.0 = Release|Any CPU
		{A8E50562-A3E7-498E-BF5D-F0F57F8F2CEF}.Debug|Any CPU.ActiveCfg = Debug|Any CPU
		{A8E50562-A3E7-498E-BF5D-F0F57F8F2CEF}.Debug|Any CPU.Build.0 = Debug|Any CPU
		{A8E50562-A3E7-498E-BF5D-F0F57F8F2CEF}.Release|Any CPU.ActiveCfg = Release|Any CPU
		{A8E50562-A3E7-498E-BF5D-F0F57F8F2CEF}.Release|Any CPU.Build.0 = Release|Any CPU
		{F009770D-7616-4DC7-A620-4A31EBD8FEB4}.Debug|Any CPU.ActiveCfg = Debug|Any CPU
		{F009770D-7616-4DC7-A620-4A31EBD8FEB4}.Debug|Any CPU.Build.0 = Debug|Any CPU
		{F009770D-7616-4DC7-A620-4A31EBD8FEB4}.Release|Any CPU.ActiveCfg = Release|Any CPU
		{F009770D-7616-4DC7-A620-4A31EBD8FEB4}.Release|Any CPU.Build.0 = Release|Any CPU
	EndGlobalSection
	GlobalSection(SolutionProperties) = preSolution
		HideSolutionNode = FALSE
	EndGlobalSection
	GlobalSection(ExtensibilityGlobals) = postSolution
		SolutionGuid = {85E8ED35-0CF4-432C-B9EC-A093CB2A0CF8}
	EndGlobalSection
EndGlobal
