
Microsoft Visual Studio Solution File, Format Version 12.00
# Visual Studio Version 16
VisualStudioVersion = 16.0.31402.337
MinimumVisualStudioVersion = 10.0.40219.1
Project("{FAE04EC0-301F-11D3-BF4B-00C04F79EFBC}") = "Puesto_De_Atencion", "Puesto_De_Atencion\Puesto_De_Atencion.csproj", "{EF95967F-0A14-4327-825F-174FA7FCC557}"
EndProject
Project("{FAE04EC0-301F-11D3-BF4B-00C04F79EFBC}") = "Biblioteca", "Biblioteca\Biblioteca.csproj", "{AEF6F21D-E02B-418F-84FB-F3AA206641D2}"
EndProject
Global
	GlobalSection(SolutionConfigurationPlatforms) = preSolution
		Debug|Any CPU = Debug|Any CPU
		Release|Any CPU = Release|Any CPU
	EndGlobalSection
	GlobalSection(ProjectConfigurationPlatforms) = postSolution
		{EF95967F-0A14-4327-825F-174FA7FCC557}.Debug|Any CPU.ActiveCfg = Debug|Any CPU
		{EF95967F-0A14-4327-825F-174FA7FCC557}.Debug|Any CPU.Build.0 = Debug|Any CPU
		{EF95967F-0A14-4327-825F-174FA7FCC557}.Release|Any CPU.ActiveCfg = Release|Any CPU
		{EF95967F-0A14-4327-825F-174FA7FCC557}.Release|Any CPU.Build.0 = Release|Any CPU
		{AEF6F21D-E02B-418F-84FB-F3AA206641D2}.Debug|Any CPU.ActiveCfg = Debug|Any CPU
		{AEF6F21D-E02B-418F-84FB-F3AA206641D2}.Debug|Any CPU.Build.0 = Debug|Any CPU
		{AEF6F21D-E02B-418F-84FB-F3AA206641D2}.Release|Any CPU.ActiveCfg = Release|Any CPU
		{AEF6F21D-E02B-418F-84FB-F3AA206641D2}.Release|Any CPU.Build.0 = Release|Any CPU
	EndGlobalSection
	GlobalSection(SolutionProperties) = preSolution
		HideSolutionNode = FALSE
	EndGlobalSection
	GlobalSection(ExtensibilityGlobals) = postSolution
		SolutionGuid = {41594ACB-D031-468D-979D-85B61A09469A}
	EndGlobalSection
EndGlobal
