
Microsoft Visual Studio Solution File, Format Version 12.00
# Visual Studio Version 16
VisualStudioVersion = 16.0.31402.337
MinimumVisualStudioVersion = 10.0.40219.1
Project("{9A19103F-16F7-4668-BE54-9A1E7A4F7556}") = "Ejercicio_01", "Ejercicio_01.csproj", "{F3260256-D02D-4412-83CB-64A3E9FAFC4F}"
EndProject
Global
	GlobalSection(SolutionConfigurationPlatforms) = preSolution
		Debug|Any CPU = Debug|Any CPU
		Release|Any CPU = Release|Any CPU
	EndGlobalSection
	GlobalSection(ProjectConfigurationPlatforms) = postSolution
		{F3260256-D02D-4412-83CB-64A3E9FAFC4F}.Debug|Any CPU.ActiveCfg = Debug|Any CPU
		{F3260256-D02D-4412-83CB-64A3E9FAFC4F}.Debug|Any CPU.Build.0 = Debug|Any CPU
		{F3260256-D02D-4412-83CB-64A3E9FAFC4F}.Release|Any CPU.ActiveCfg = Release|Any CPU
		{F3260256-D02D-4412-83CB-64A3E9FAFC4F}.Release|Any CPU.Build.0 = Release|Any CPU
	EndGlobalSection
	GlobalSection(SolutionProperties) = preSolution
		HideSolutionNode = FALSE
	EndGlobalSection
	GlobalSection(ExtensibilityGlobals) = postSolution
		SolutionGuid = {4C3255FA-C13F-4173-9909-95AA72AC7E9F}
	EndGlobalSection
EndGlobal
